
Microsoft Visual Studio Solution File, Format Version 12.00
# Visual Studio Version 17
VisualStudioVersion = 17.2.32414.248
MinimumVisualStudioVersion = 10.0.40219.1
Project("{2150E333-8FDC-42A3-9474-1A3956D46DE8}") = "Solution Items", "Solution Items", "{431A9F6B-E85A-4146-838F-B9652504F024}"
	ProjectSection(SolutionItems) = preProject
		.editorconfig = .editorconfig
	EndProjectSection
EndProject
Project("{2150E333-8FDC-42A3-9474-1A3956D46DE8}") = "SRC", "SRC", "{6B51B291-06A2-4C52-91CE-E6CD29DA11BB}"
EndProject
Project("{9A19103F-16F7-4668-BE54-9A1E7A4F7556}") = "Account.Application.Library", "Account.Application.Library\Account.Application.Library.csproj", "{0CCFF5FC-20E1-4CE7-B6D0-55DDE685B437}"
EndProject
Project("{9A19103F-16F7-4668-BE54-9A1E7A4F7556}") = "Account.Common.Library", "Account.Common.Library\Account.Common.Library.csproj", "{81E4D2A2-5F91-48FE-B6C8-7A6AB6C33F83}"
EndProject
Project("{9A19103F-16F7-4668-BE54-9A1E7A4F7556}") = "Account.Infrastructure.Library", "Account.Infrastructure.Library\Account.Infrastructure.Library.csproj", "{8A731E0E-8A19-4A8E-97C7-EB9AE1A79CEC}"
EndProject
Project("{9A19103F-16F7-4668-BE54-9A1E7A4F7556}") = "Account.Domain.Library", "Account.Domain.Library\Account.Domain.Library.csproj", "{3673A950-EC6F-47F3-BAB0-86A28D258F9A}"
EndProject
Project("{9A19103F-16F7-4668-BE54-9A1E7A4F7556}") = "Account.Presentation", "Account.Presentation\Account.Presentation.csproj", "{3A8E638A-2DDE-4CE6-9260-006DE69CE77E}"
EndProject
Project("{2150E333-8FDC-42A3-9474-1A3956D46DE8}") = "TestProjects", "TestProjects", "{04639E5E-7BCA-4FD9-A339-512EEE4CEE87}"
EndProject
Project("{9A19103F-16F7-4668-BE54-9A1E7A4F7556}") = "Account.Domain.Test", "Account.Domain.Test\Account.Domain.Test.csproj", "{33FA0958-6908-40CE-9931-2CB46AAFADDD}"
EndProject
Project("{9A19103F-16F7-4668-BE54-9A1E7A4F7556}") = "Account.Infrastructure.Test", "Account.Infrastructure.Test\Account.Infrastructure.Test.csproj", "{9A8AA467-F607-4495-BC79-D2D5F8C8323E}"
EndProject
Global
	GlobalSection(SolutionConfigurationPlatforms) = preSolution
		Debug|Any CPU = Debug|Any CPU
		Release|Any CPU = Release|Any CPU
	EndGlobalSection
	GlobalSection(ProjectConfigurationPlatforms) = postSolution
		{0CCFF5FC-20E1-4CE7-B6D0-55DDE685B437}.Debug|Any CPU.ActiveCfg = Debug|Any CPU
		{0CCFF5FC-20E1-4CE7-B6D0-55DDE685B437}.Debug|Any CPU.Build.0 = Debug|Any CPU
		{0CCFF5FC-20E1-4CE7-B6D0-55DDE685B437}.Release|Any CPU.ActiveCfg = Release|Any CPU
		{0CCFF5FC-20E1-4CE7-B6D0-55DDE685B437}.Release|Any CPU.Build.0 = Release|Any CPU
		{81E4D2A2-5F91-48FE-B6C8-7A6AB6C33F83}.Debug|Any CPU.ActiveCfg = Debug|Any CPU
		{81E4D2A2-5F91-48FE-B6C8-7A6AB6C33F83}.Debug|Any CPU.Build.0 = Debug|Any CPU
		{81E4D2A2-5F91-48FE-B6C8-7A6AB6C33F83}.Release|Any CPU.ActiveCfg = Release|Any CPU
		{81E4D2A2-5F91-48FE-B6C8-7A6AB6C33F83}.Release|Any CPU.Build.0 = Release|Any CPU
		{8A731E0E-8A19-4A8E-97C7-EB9AE1A79CEC}.Debug|Any CPU.ActiveCfg = Debug|Any CPU
		{8A731E0E-8A19-4A8E-97C7-EB9AE1A79CEC}.Debug|Any CPU.Build.0 = Debug|Any CPU
		{8A731E0E-8A19-4A8E-97C7-EB9AE1A79CEC}.Release|Any CPU.ActiveCfg = Release|Any CPU
		{8A731E0E-8A19-4A8E-97C7-EB9AE1A79CEC}.Release|Any CPU.Build.0 = Release|Any CPU
		{3673A950-EC6F-47F3-BAB0-86A28D258F9A}.Debug|Any CPU.ActiveCfg = Debug|Any CPU
		{3673A950-EC6F-47F3-BAB0-86A28D258F9A}.Debug|Any CPU.Build.0 = Debug|Any CPU
		{3673A950-EC6F-47F3-BAB0-86A28D258F9A}.Release|Any CPU.ActiveCfg = Release|Any CPU
		{3673A950-EC6F-47F3-BAB0-86A28D258F9A}.Release|Any CPU.Build.0 = Release|Any CPU
		{3A8E638A-2DDE-4CE6-9260-006DE69CE77E}.Debug|Any CPU.ActiveCfg = Debug|Any CPU
		{3A8E638A-2DDE-4CE6-9260-006DE69CE77E}.Debug|Any CPU.Build.0 = Debug|Any CPU
		{3A8E638A-2DDE-4CE6-9260-006DE69CE77E}.Release|Any CPU.ActiveCfg = Release|Any CPU
		{3A8E638A-2DDE-4CE6-9260-006DE69CE77E}.Release|Any CPU.Build.0 = Release|Any CPU
		{33FA0958-6908-40CE-9931-2CB46AAFADDD}.Debug|Any CPU.ActiveCfg = Debug|Any CPU
		{33FA0958-6908-40CE-9931-2CB46AAFADDD}.Debug|Any CPU.Build.0 = Debug|Any CPU
		{33FA0958-6908-40CE-9931-2CB46AAFADDD}.Release|Any CPU.ActiveCfg = Release|Any CPU
		{33FA0958-6908-40CE-9931-2CB46AAFADDD}.Release|Any CPU.Build.0 = Release|Any CPU
		{9A8AA467-F607-4495-BC79-D2D5F8C8323E}.Debug|Any CPU.ActiveCfg = Debug|Any CPU
		{9A8AA467-F607-4495-BC79-D2D5F8C8323E}.Debug|Any CPU.Build.0 = Debug|Any CPU
		{9A8AA467-F607-4495-BC79-D2D5F8C8323E}.Release|Any CPU.ActiveCfg = Release|Any CPU
		{9A8AA467-F607-4495-BC79-D2D5F8C8323E}.Release|Any CPU.Build.0 = Release|Any CPU
	EndGlobalSection
	GlobalSection(SolutionProperties) = preSolution
		HideSolutionNode = FALSE
	EndGlobalSection
	GlobalSection(NestedProjects) = preSolution
		{0CCFF5FC-20E1-4CE7-B6D0-55DDE685B437} = {6B51B291-06A2-4C52-91CE-E6CD29DA11BB}
		{81E4D2A2-5F91-48FE-B6C8-7A6AB6C33F83} = {6B51B291-06A2-4C52-91CE-E6CD29DA11BB}
		{8A731E0E-8A19-4A8E-97C7-EB9AE1A79CEC} = {6B51B291-06A2-4C52-91CE-E6CD29DA11BB}
		{3673A950-EC6F-47F3-BAB0-86A28D258F9A} = {6B51B291-06A2-4C52-91CE-E6CD29DA11BB}
		{3A8E638A-2DDE-4CE6-9260-006DE69CE77E} = {6B51B291-06A2-4C52-91CE-E6CD29DA11BB}
		{33FA0958-6908-40CE-9931-2CB46AAFADDD} = {04639E5E-7BCA-4FD9-A339-512EEE4CEE87}
		{9A8AA467-F607-4495-BC79-D2D5F8C8323E} = {04639E5E-7BCA-4FD9-A339-512EEE4CEE87}
	EndGlobalSection
	GlobalSection(ExtensibilityGlobals) = postSolution
		SolutionGuid = {F78A5A88-D20D-41F5-825C-958E9DE46380}
	EndGlobalSection
EndGlobal
